
Microsoft Visual Studio Solution File, Format Version 12.00
# Visual Studio 15
VisualStudioVersion = 15.0.26124.0
MinimumVisualStudioVersion = 15.0.26124.0
Project("{FAE04EC0-301F-11D3-BF4B-00C04F79EFBC}") = "kilotrack.Web", "kilotrack.Web\kilotrack.Web.csproj", "{732C6263-0417-4128-BC7A-38BFB0BFC332}"
EndProject
Project("{FAE04EC0-301F-11D3-BF4B-00C04F79EFBC}") = "kilotrack.Test", "kilotrack.Test\kilotrack.Test.csproj", "{64F63A32-B08F-462F-8F8C-95D8CA8C5676}"
EndProject
Project("{FAE04EC0-301F-11D3-BF4B-00C04F79EFBC}") = "kilotrack.Services", "kilotrack.Services\kilotrack.Services.csproj", "{7689F9A1-33E3-473E-ABA2-033CEA16CA01}"
EndProject
Project("{FAE04EC0-301F-11D3-BF4B-00C04F79EFBC}") = "kilotrack.Data", "kilotrack.Data\kilotrack.Data.csproj", "{CC4B537E-A00B-4A16-B84E-CEB591B93D51}"
EndProject
Global
	GlobalSection(SolutionConfigurationPlatforms) = preSolution
		Debug|Any CPU = Debug|Any CPU
		Debug|x64 = Debug|x64
		Debug|x86 = Debug|x86
		Release|Any CPU = Release|Any CPU
		Release|x64 = Release|x64
		Release|x86 = Release|x86
	EndGlobalSection
	GlobalSection(SolutionProperties) = preSolution
		HideSolutionNode = FALSE
	EndGlobalSection
	GlobalSection(ProjectConfigurationPlatforms) = postSolution
		{732C6263-0417-4128-BC7A-38BFB0BFC332}.Debug|Any CPU.ActiveCfg = Debug|Any CPU
		{732C6263-0417-4128-BC7A-38BFB0BFC332}.Debug|Any CPU.Build.0 = Debug|Any CPU
		{732C6263-0417-4128-BC7A-38BFB0BFC332}.Debug|x64.ActiveCfg = Debug|Any CPU
		{732C6263-0417-4128-BC7A-38BFB0BFC332}.Debug|x64.Build.0 = Debug|Any CPU
		{732C6263-0417-4128-BC7A-38BFB0BFC332}.Debug|x86.ActiveCfg = Debug|Any CPU
		{732C6263-0417-4128-BC7A-38BFB0BFC332}.Debug|x86.Build.0 = Debug|Any CPU
		{732C6263-0417-4128-BC7A-38BFB0BFC332}.Release|Any CPU.ActiveCfg = Release|Any CPU
		{732C6263-0417-4128-BC7A-38BFB0BFC332}.Release|Any CPU.Build.0 = Release|Any CPU
		{732C6263-0417-4128-BC7A-38BFB0BFC332}.Release|x64.ActiveCfg = Release|Any CPU
		{732C6263-0417-4128-BC7A-38BFB0BFC332}.Release|x64.Build.0 = Release|Any CPU
		{732C6263-0417-4128-BC7A-38BFB0BFC332}.Release|x86.ActiveCfg = Release|Any CPU
		{732C6263-0417-4128-BC7A-38BFB0BFC332}.Release|x86.Build.0 = Release|Any CPU
		{64F63A32-B08F-462F-8F8C-95D8CA8C5676}.Debug|Any CPU.ActiveCfg = Debug|Any CPU
		{64F63A32-B08F-462F-8F8C-95D8CA8C5676}.Debug|Any CPU.Build.0 = Debug|Any CPU
		{64F63A32-B08F-462F-8F8C-95D8CA8C5676}.Debug|x64.ActiveCfg = Debug|Any CPU
		{64F63A32-B08F-462F-8F8C-95D8CA8C5676}.Debug|x64.Build.0 = Debug|Any CPU
		{64F63A32-B08F-462F-8F8C-95D8CA8C5676}.Debug|x86.ActiveCfg = Debug|Any CPU
		{64F63A32-B08F-462F-8F8C-95D8CA8C5676}.Debug|x86.Build.0 = Debug|Any CPU
		{64F63A32-B08F-462F-8F8C-95D8CA8C5676}.Release|Any CPU.ActiveCfg = Release|Any CPU
		{64F63A32-B08F-462F-8F8C-95D8CA8C5676}.Release|Any CPU.Build.0 = Release|Any CPU
		{64F63A32-B08F-462F-8F8C-95D8CA8C5676}.Release|x64.ActiveCfg = Release|Any CPU
		{64F63A32-B08F-462F-8F8C-95D8CA8C5676}.Release|x64.Build.0 = Release|Any CPU
		{64F63A32-B08F-462F-8F8C-95D8CA8C5676}.Release|x86.ActiveCfg = Release|Any CPU
		{64F63A32-B08F-462F-8F8C-95D8CA8C5676}.Release|x86.Build.0 = Release|Any CPU
		{7689F9A1-33E3-473E-ABA2-033CEA16CA01}.Debug|Any CPU.ActiveCfg = Debug|Any CPU
		{7689F9A1-33E3-473E-ABA2-033CEA16CA01}.Debug|Any CPU.Build.0 = Debug|Any CPU
		{7689F9A1-33E3-473E-ABA2-033CEA16CA01}.Debug|x64.ActiveCfg = Debug|Any CPU
		{7689F9A1-33E3-473E-ABA2-033CEA16CA01}.Debug|x64.Build.0 = Debug|Any CPU
		{7689F9A1-33E3-473E-ABA2-033CEA16CA01}.Debug|x86.ActiveCfg = Debug|Any CPU
		{7689F9A1-33E3-473E-ABA2-033CEA16CA01}.Debug|x86.Build.0 = Debug|Any CPU
		{7689F9A1-33E3-473E-ABA2-033CEA16CA01}.Release|Any CPU.ActiveCfg = Release|Any CPU
		{7689F9A1-33E3-473E-ABA2-033CEA16CA01}.Release|Any CPU.Build.0 = Release|Any CPU
		{7689F9A1-33E3-473E-ABA2-033CEA16CA01}.Release|x64.ActiveCfg = Release|Any CPU
		{7689F9A1-33E3-473E-ABA2-033CEA16CA01}.Release|x64.Build.0 = Release|Any CPU
		{7689F9A1-33E3-473E-ABA2-033CEA16CA01}.Release|x86.ActiveCfg = Release|Any CPU
		{7689F9A1-33E3-473E-ABA2-033CEA16CA01}.Release|x86.Build.0 = Release|Any CPU
		{CC4B537E-A00B-4A16-B84E-CEB591B93D51}.Debug|Any CPU.ActiveCfg = Debug|Any CPU
		{CC4B537E-A00B-4A16-B84E-CEB591B93D51}.Debug|Any CPU.Build.0 = Debug|Any CPU
		{CC4B537E-A00B-4A16-B84E-CEB591B93D51}.Debug|x64.ActiveCfg = Debug|Any CPU
		{CC4B537E-A00B-4A16-B84E-CEB591B93D51}.Debug|x64.Build.0 = Debug|Any CPU
		{CC4B537E-A00B-4A16-B84E-CEB591B93D51}.Debug|x86.ActiveCfg = Debug|Any CPU
		{CC4B537E-A00B-4A16-B84E-CEB591B93D51}.Debug|x86.Build.0 = Debug|Any CPU
		{CC4B537E-A00B-4A16-B84E-CEB591B93D51}.Release|Any CPU.ActiveCfg = Release|Any CPU
		{CC4B537E-A00B-4A16-B84E-CEB591B93D51}.Release|Any CPU.Build.0 = Release|Any CPU
		{CC4B537E-A00B-4A16-B84E-CEB591B93D51}.Release|x64.ActiveCfg = Release|Any CPU
		{CC4B537E-A00B-4A16-B84E-CEB591B93D51}.Release|x64.Build.0 = Release|Any CPU
		{CC4B537E-A00B-4A16-B84E-CEB591B93D51}.Release|x86.ActiveCfg = Release|Any CPU
		{CC4B537E-A00B-4A16-B84E-CEB591B93D51}.Release|x86.Build.0 = Release|Any CPU
	EndGlobalSection
EndGlobal
